
Microsoft Visual Studio Solution File, Format Version 12.00
# Visual Studio Version 17
VisualStudioVersion = 17.7.34009.444
MinimumVisualStudioVersion = 10.0.40219.1
Project("{9A19103F-16F7-4668-BE54-9A1E7A4F7556}") = "LibraryManagement.API", "LibraryManagement.API\LibraryManagement.API.csproj", "{3827F84C-BFDE-465B-892A-F52A61B56560}"
EndProject
Project("{9A19103F-16F7-4668-BE54-9A1E7A4F7556}") = "LibraryManagement.Data", "LibraryManagement.Data\LibraryManagement.Data.csproj", "{4E562D2E-0EAB-445D-B77C-903EED31BCB1}"
EndProject
Project("{9A19103F-16F7-4668-BE54-9A1E7A4F7556}") = "LibraryManagement.Application", "LibraryManagement.Application\LibraryManagement.Application.csproj", "{AA37C7E9-F45B-4568-B776-7C368B831F46}"
EndProject
Project("{9A19103F-16F7-4668-BE54-9A1E7A4F7556}") = "LibraryManagement.DTO", "LibraryManagement.DTO\LibraryManagement.DTO.csproj", "{F8D86148-1948-4436-AEBB-AA137CCD1E47}"
EndProject
Project("{54A90642-561A-4BB1-A94E-469ADEE60C69}") = "librarymanagement.reactapp", "LibraryManagement.reactapp\librarymanagement.reactapp.esproj", "{42EA1990-950B-44E9-B6CF-907228AF15AC}"
EndProject
Project("{FAE04EC0-301F-11D3-BF4B-00C04F79EFBC}") = "Utilities", "Utilities\Utilities.csproj", "{0EA8E987-F851-4496-95DE-1865B3A2D3E4}"
EndProject
Global
	GlobalSection(SolutionConfigurationPlatforms) = preSolution
		Debug|Any CPU = Debug|Any CPU
		Release|Any CPU = Release|Any CPU
	EndGlobalSection
	GlobalSection(ProjectConfigurationPlatforms) = postSolution
		{3827F84C-BFDE-465B-892A-F52A61B56560}.Debug|Any CPU.ActiveCfg = Debug|Any CPU
		{3827F84C-BFDE-465B-892A-F52A61B56560}.Debug|Any CPU.Build.0 = Debug|Any CPU
		{3827F84C-BFDE-465B-892A-F52A61B56560}.Release|Any CPU.ActiveCfg = Release|Any CPU
		{3827F84C-BFDE-465B-892A-F52A61B56560}.Release|Any CPU.Build.0 = Release|Any CPU
		{4E562D2E-0EAB-445D-B77C-903EED31BCB1}.Debug|Any CPU.ActiveCfg = Debug|Any CPU
		{4E562D2E-0EAB-445D-B77C-903EED31BCB1}.Debug|Any CPU.Build.0 = Debug|Any CPU
		{4E562D2E-0EAB-445D-B77C-903EED31BCB1}.Release|Any CPU.ActiveCfg = Release|Any CPU
		{4E562D2E-0EAB-445D-B77C-903EED31BCB1}.Release|Any CPU.Build.0 = Release|Any CPU
		{AA37C7E9-F45B-4568-B776-7C368B831F46}.Debug|Any CPU.ActiveCfg = Debug|Any CPU
		{AA37C7E9-F45B-4568-B776-7C368B831F46}.Debug|Any CPU.Build.0 = Debug|Any CPU
		{AA37C7E9-F45B-4568-B776-7C368B831F46}.Release|Any CPU.ActiveCfg = Release|Any CPU
		{AA37C7E9-F45B-4568-B776-7C368B831F46}.Release|Any CPU.Build.0 = Release|Any CPU
		{F8D86148-1948-4436-AEBB-AA137CCD1E47}.Debug|Any CPU.ActiveCfg = Debug|Any CPU
		{F8D86148-1948-4436-AEBB-AA137CCD1E47}.Debug|Any CPU.Build.0 = Debug|Any CPU
		{F8D86148-1948-4436-AEBB-AA137CCD1E47}.Release|Any CPU.ActiveCfg = Release|Any CPU
		{F8D86148-1948-4436-AEBB-AA137CCD1E47}.Release|Any CPU.Build.0 = Release|Any CPU
		{42EA1990-950B-44E9-B6CF-907228AF15AC}.Debug|Any CPU.ActiveCfg = Debug|Any CPU
		{42EA1990-950B-44E9-B6CF-907228AF15AC}.Debug|Any CPU.Build.0 = Debug|Any CPU
		{42EA1990-950B-44E9-B6CF-907228AF15AC}.Debug|Any CPU.Deploy.0 = Debug|Any CPU
		{42EA1990-950B-44E9-B6CF-907228AF15AC}.Release|Any CPU.ActiveCfg = Release|Any CPU
		{42EA1990-950B-44E9-B6CF-907228AF15AC}.Release|Any CPU.Build.0 = Release|Any CPU
		{42EA1990-950B-44E9-B6CF-907228AF15AC}.Release|Any CPU.Deploy.0 = Release|Any CPU
		{0EA8E987-F851-4496-95DE-1865B3A2D3E4}.Debug|Any CPU.ActiveCfg = Debug|Any CPU
		{0EA8E987-F851-4496-95DE-1865B3A2D3E4}.Debug|Any CPU.Build.0 = Debug|Any CPU
		{0EA8E987-F851-4496-95DE-1865B3A2D3E4}.Release|Any CPU.ActiveCfg = Release|Any CPU
		{0EA8E987-F851-4496-95DE-1865B3A2D3E4}.Release|Any CPU.Build.0 = Release|Any CPU
	EndGlobalSection
	GlobalSection(SolutionProperties) = preSolution
		HideSolutionNode = FALSE
	EndGlobalSection
	GlobalSection(ExtensibilityGlobals) = postSolution
		SolutionGuid = {9D3B75E1-FC85-4C48-BB8C-D7719E1F76F7}
	EndGlobalSection
EndGlobal
